// !$*UTF8*$!
{
	archiveVersion = 1;
	classes = {
	};
	objectVersion = 50;
	objects = {

/* Begin PBXBuildFile section */
		F2BDA41C271E0CFD0073CCB2 /* AppDelegate.swift in Sources */ = {isa = PBXBuildFile; fileRef = F2BDA41B271E0CFD0073CCB2 /* AppDelegate.swift */; };
		F2BDA41E271E0CFD0073CCB2 /* SceneDelegate.swift in Sources */ = {isa = PBXBuildFile; fileRef = F2BDA41D271E0CFD0073CCB2 /* SceneDelegate.swift */; };
		F2BDA420271E0CFD0073CCB2 /* ViewController.swift in Sources */ = {isa = PBXBuildFile; fileRef = F2BDA41F271E0CFD0073CCB2 /* ViewController.swift */; };
		F2BDA423271E0CFD0073CCB2 /* Main.storyboard in Resources */ = {isa = PBXBuildFile; fileRef = F2BDA421271E0CFD0073CCB2 /* Main.storyboard */; };
		F2BDA425271E0D010073CCB2 /* Assets.xcassets in Resources */ = {isa = PBXBuildFile; fileRef = F2BDA424271E0D010073CCB2 /* Assets.xcassets */; };
		F2BDA428271E0D010073CCB2 /* LaunchScreen.storyboard in Resources */ = {isa = PBXBuildFile; fileRef = F2BDA426271E0D010073CCB2 /* LaunchScreen.storyboard */; };
/* End PBXBuildFile section */

/* Begin PBXFileReference section */
		F2BDA418271E0CFD0073CCB2 /* Colored squares.app */ = {isa = PBXFileReference; explicitFileType = wrapper.application; includeInIndex = 0; path = "Colored squares.app"; sourceTree = BUILT_PRODUCTS_DIR; };
		F2BDA41B271E0CFD0073CCB2 /* AppDelegate.swift */ = {isa = PBXFileReference; lastKnownFileType = sourcecode.swift; path = AppDelegate.swift; sourceTree = "<group>"; };
		F2BDA41D271E0CFD0073CCB2 /* SceneDelegate.swift */ = {isa = PBXFileReference; lastKnownFileType = sourcecode.swift; path = SceneDelegate.swift; sourceTree = "<group>"; };
		F2BDA41F271E0CFD0073CCB2 /* ViewController.swift */ = {isa = PBXFileReference; lastKnownFileType = sourcecode.swift; path = ViewController.swift; sourceTree = "<group>"; };
		F2BDA422271E0CFD0073CCB2 /* Base */ = {isa = PBXFileReference; lastKnownFileType = file.storyboard; name = Base; path = Base.lproj/Main.storyboard; sourceTree = "<group>"; };
		F2BDA424271E0D010073CCB2 /* Assets.xcassets */ = {isa = PBXFileReference; lastKnownFileType = folder.assetcatalog; path = Assets.xcassets; sourceTree = "<group>"; };
		F2BDA427271E0D010073CCB2 /* Base */ = {isa = PBXFileReference; lastKnownFileType = file.storyboard; name = Base; path = Base.lproj/LaunchScreen.storyboard; sourceTree = "<group>"; };
		F2BDA429271E0D010073CCB2 /* Info.plist */ = {isa = PBXFileReference; lastKnownFileType = text.plist.xml; path = Info.plist; sourceTree = "<group>"; };
/* End PBXFileReference section */

/* Begin PBXFrameworksBuildPhase section */
		F2BDA415271E0CFD0073CCB2 /* Frameworks */ = {
			isa = PBXFrameworksBuildPhase;
			buildActionMask = 2147483647;
			files = (
			);
			runOnlyForDeploymentPostprocessing = 0;
		};
/* End PBXFrameworksBuildPhase section */

/* Begin PBXGroup section */
		F2BDA40F271E0CFD0073CCB2 = {
			isa = PBXGroup;
			children = (
				F2BDA41A271E0CFD0073CCB2 /* Colored squares */,
				F2BDA419271E0CFD0073CCB2 /* Products */,
			);
			sourceTree = "<group>";
		};
		F2BDA419271E0CFD0073CCB2 /* Products */ = {
			isa = PBXGroup;
			children = (
				F2BDA418271E0CFD0073CCB2 /* Colored squares.app */,
			);
			name = Products;
			sourceTree = "<group>";
		};
		F2BDA41A271E0CFD0073CCB2 /* Colored squares */ = {
			isa = PBXGroup;
			children = (
				F2BDA41B271E0CFD0073CCB2 /* AppDelegate.swift */,
				F2BDA41D271E0CFD0073CCB2 /* SceneDelegate.swift */,
				F2BDA41F271E0CFD0073CCB2 /* ViewController.swift */,
				F2BDA421271E0CFD0073CCB2 /* Main.storyboard */,
				F2BDA424271E0D010073CCB2 /* Assets.xcassets */,
				F2BDA426271E0D010073CCB2 /* LaunchScreen.storyboard */,
				F2BDA429271E0D010073CCB2 /* Info.plist */,
			);
			path = "Colored squares";
			sourceTree = "<group>";
		};
/* End PBXGroup section */

/* Begin PBXNativeTarget section */
		F2BDA417271E0CFD0073CCB2 /* Colored squares */ = {
			isa = PBXNativeTarget;
			buildConfigurationList = F2BDA42C271E0D010073CCB2 /* Build configuration list for PBXNativeTarget "Colored squares" */;
			buildPhases = (
				F2BDA414271E0CFD0073CCB2 /* Sources */,
				F2BDA415271E0CFD0073CCB2 /* Frameworks */,
				F2BDA416271E0CFD0073CCB2 /* Resources */,
			);
			buildRules = (
			);
			dependencies = (
			);
			name = "Colored squares";
			productName = "Colored squares";
			productReference = F2BDA418271E0CFD0073CCB2 /* Colored squares.app */;
			productType = "com.apple.product-type.application";
		};
/* End PBXNativeTarget section */

/* Begin PBXProject section */
		F2BDA410271E0CFD0073CCB2 /* Project object */ = {
			isa = PBXProject;
			attributes = {
				LastSwiftUpdateCheck = 1250;
				LastUpgradeCheck = 1250;
				TargetAttributes = {
					F2BDA417271E0CFD0073CCB2 = {
						CreatedOnToolsVersion = 12.5.1;
					};
				};
			};
			buildConfigurationList = F2BDA413271E0CFD0073CCB2 /* Build configuration list for PBXProject "Colored squares" */;
			compatibilityVersion = "Xcode 9.3";
			developmentRegion = en;
			hasScannedForEncodings = 0;
			knownRegions = (
				en,
				Base,
			);
			mainGroup = F2BDA40F271E0CFD0073CCB2;
			productRefGroup = F2BDA419271E0CFD0073CCB2 /* Products */;
			projectDirPath = "";
			projectRoot = "";
			targets = (
				F2BDA417271E0CFD0073CCB2 /* Colored squares */,
			);
		};
/* End PBXProject section */

/* Begin PBXResourcesBuildPhase section */
		F2BDA416271E0CFD0073CCB2 /* Resources */ = {
			isa = PBXResourcesBuildPhase;
			buildActionMask = 2147483647;
			files = (
				F2BDA428271E0D010073CCB2 /* LaunchScreen.storyboard in Resources */,
				F2BDA425271E0D010073CCB2 /* Assets.xcassets in Resources */,
				F2BDA423271E0CFD0073CCB2 /* Main.storyboard in Resources */,
			);
			runOnlyForDeploymentPostprocessing = 0;
		};
/* End PBXResourcesBuildPhase section */

/* Begin PBXSourcesBuildPhase section */
		F2BDA414271E0CFD0073CCB2 /* Sources */ = {
			isa = PBXSourcesBuildPhase;
			buildActionMask = 2147483647;
			files = (
				F2BDA420271E0CFD0073CCB2 /* ViewController.swift in Sources */,
				F2BDA41C271E0CFD0073CCB2 /* AppDelegate.swift in Sources */,
				F2BDA41E271E0CFD0073CCB2 /* SceneDelegate.swift in Sources */,
			);
			runOnlyForDeploymentPostprocessing = 0;
		};
/* End PBXSourcesBuildPhase section */

/* Begin PBXVariantGroup section */
		F2BDA421271E0CFD0073CCB2 /* Main.storyboard */ = {
			isa = PBXVariantGroup;
			children = (
				F2BDA422271E0CFD0073CCB2 /* Base */,
			);
			name = Main.storyboard;
			sourceTree = "<group>";
		};
		F2BDA426271E0D010073CCB2 /* LaunchScreen.storyboard */ = {
			isa = PBXVariantGroup;
			children = (
				F2BDA427271E0D010073CCB2 /* Base */,
			);
			name = LaunchScreen.storyboard;
			sourceTree = "<group>";
		};
/* End PBXVariantGroup section */

/* Begin XCBuildConfiguration section */
		F2BDA42A271E0D010073CCB2 /* Debug */ = {
			isa = XCBuildConfiguration;
			buildSettings = {
				ALWAYS_SEARCH_USER_PATHS = NO;
				CLANG_ANALYZER_NONNULL = YES;
				CLANG_ANALYZER_NUMBER_OBJECT_CONVERSION = YES_AGGRESSIVE;
				CLANG_CXX_LANGUAGE_STANDARD = "gnu++14";
				CLANG_CXX_LIBRARY = "libc++";
				CLANG_ENABLE_MODULES = YES;
				CLANG_ENABLE_OBJC_ARC = YES;
				CLANG_ENABLE_OBJC_WEAK = YES;
				CLANG_WARN_BLOCK_CAPTURE_AUTORELEASING = YES;
				CLANG_WARN_BOOL_CONVERSION = YES;
				CLANG_WARN_COMMA = YES;
				CLANG_WARN_CONSTANT_CONVERSION = YES;
				CLANG_WARN_DEPRECATED_OBJC_IMPLEMENTATIONS = YES;
				CLANG_WARN_DIRECT_OBJC_ISA_USAGE = YES_ERROR;
				CLANG_WARN_DOCUMENTATION_COMMENTS = YES;
				CLANG_WARN_EMPTY_BODY = YES;
				CLANG_WARN_ENUM_CONVERSION = YES;
				CLANG_WARN_INFINITE_RECURSION = YES;
				CLANG_WARN_INT_CONVERSION = YES;
				CLANG_WARN_NON_LITERAL_NULL_CONVERSION = YES;
				CLANG_WARN_OBJC_IMPLICIT_RETAIN_SELF = YES;
				CLANG_WARN_OBJC_LITERAL_CONVERSION = YES;
				CLANG_WARN_OBJC_ROOT_CLASS = YES_ERROR;
				CLANG_WARN_QUOTED_INCLUDE_IN_FRAMEWORK_HEADER = YES;
				CLANG_WARN_RANGE_LOOP_ANALYSIS = YES;
				CLANG_WARN_STRICT_PROTOTYPES = YES;
				CLANG_WARN_SUSPICIOUS_MOVE = YES;
				CLANG_WARN_UNGUARDED_AVAILABILITY = YES_AGGRESSIVE;
				CLANG_WARN_UNREACHABLE_CODE = YES;
				CLANG_WARN__DUPLICATE_METHOD_MATCH = YES;
				COPY_PHASE_STRIP = NO;
				DEBUG_INFORMATION_FORMAT = dwarf;
				ENABLE_STRICT_OBJC_MSGSEND = YES;
				ENABLE_TESTABILITY = YES;
				GCC_C_LANGUAGE_STANDARD = gnu11;
				GCC_DYNAMIC_NO_PIC = NO;
				GCC_NO_COMMON_BLOCKS = YES;
				GCC_OPTIMIZATION_LEVEL = 0;
				GCC_PREPROCESSOR_DEFINITIONS = (
					"DEBUG=1",
					"$(inherited)",
				);
				GCC_WARN_64_TO_32_BIT_CONVERSION = YES;
				GCC_WARN_ABOUT_RETURN_TYPE = YES_ERROR;
				GCC_WARN_UNDECLARED_SELECTOR = YES;
				GCC_WARN_UNINITIALIZED_AUTOS = YES_AGGRESSIVE;
				GCC_WARN_UNUSED_FUNCTION = YES;
				GCC_WARN_UNUSED_VARIABLE = YES;
				IPHONEOS_DEPLOYMENT_TARGET = 14.5;
				MTL_ENABLE_DEBUG_INFO = INCLUDE_SOURCE;
				MTL_FAST_MATH = YES;
				ONLY_ACTIVE_ARCH = YES;
				SDKROOT = iphoneos;
				SWIFT_ACTIVE_COMPILATION_CONDITIONS = DEBUG;
				SWIFT_OPTIMIZATION_LEVEL = "-Onone";
			};
			name = Debug;
		};
		F2BDA42B271E0D010073CCB2 /* Release */ = {
			isa = XCBuildConfiguration;
			buildSettings = {
				ALWAYS_SEARCH_USER_PATHS = NO;
				CLANG_ANALYZER_NONNULL = YES;
				CLANG_ANALYZER_NUMBER_OBJECT_CONVERSION = YES_AGGRESSIVE;
				CLANG_CXX_LANGUAGE_STANDARD = "gnu++14";
				CLANG_CXX_LIBRARY = "libc++";
				CLANG_ENABLE_MODULES = YES;
				CLANG_ENABLE_OBJC_ARC = YES;
				CLANG_ENABLE_OBJC_WEAK = YES;
				CLANG_WARN_BLOCK_CAPTURE_AUTORELEASING = YES;
				CLANG_WARN_BOOL_CONVERSION = YES;
				CLANG_WARN_COMMA = YES;
				CLANG_WARN_CONSTANT_CONVERSION = YES;
				CLANG_WARN_DEPRECATED_OBJC_IMPLEMENTATIONS = YES;
				CLANG_WARN_DIRECT_OBJC_ISA_USAGE = YES_ERROR;
				CLANG_WARN_DOCUMENTATION_COMMENTS = YES;
				CLANG_WARN_EMPTY_BODY = YES;
				CLANG_WARN_ENUM_CONVERSION = YES;
				CLANG_WARN_INFINITE_RECURSION = YES;
				CLANG_WARN_INT_CONVERSION = YES;
				CLANG_WARN_NON_LITERAL_NULL_CONVERSION = YES;
				CLANG_WARN_OBJC_IMPLICIT_RETAIN_SELF = YES;
				CLANG_WARN_OBJC_LITERAL_CONVERSION = YES;
				CLANG_WARN_OBJC_ROOT_CLASS = YES_ERROR;
				CLANG_WARN_QUOTED_INCLUDE_IN_FRAMEWORK_HEADER = YES;
				CLANG_WARN_RANGE_LOOP_ANALYSIS = YES;
				CLANG_WARN_STRICT_PROTOTYPES = YES;
				CLANG_WARN_SUSPICIOUS_MOVE = YES;
				CLANG_WARN_UNGUARDED_AVAILABILITY = YES_AGGRESSIVE;
				CLANG_WARN_UNREACHABLE_CODE = YES;
				CLANG_WARN__DUPLICATE_METHOD_MATCH = YES;
				COPY_PHASE_STRIP = NO;
				DEBUG_INFORMATION_FORMAT = "dwarf-with-dsym";
				ENABLE_NS_ASSERTIONS = NO;
				ENABLE_STRICT_OBJC_MSGSEND = YES;
				GCC_C_LANGUAGE_STANDARD = gnu11;
				GCC_NO_COMMON_BLOCKS = YES;
				GCC_WARN_64_TO_32_BIT_CONVERSION = YES;
				GCC_WARN_ABOUT_RETURN_TYPE = YES_ERROR;
				GCC_WARN_UNDECLARED_SELECTOR = YES;
				GCC_WARN_UNINITIALIZED_AUTOS = YES_AGGRESSIVE;
				GCC_WARN_UNUSED_FUNCTION = YES;
				GCC_WARN_UNUSED_VARIABLE = YES;
				IPHONEOS_DEPLOYMENT_TARGET = 14.5;
				MTL_ENABLE_DEBUG_INFO = NO;
				MTL_FAST_MATH = YES;
				SDKROOT = iphoneos;
				SWIFT_COMPILATION_MODE = wholemodule;
				SWIFT_OPTIMIZATION_LEVEL = "-O";
				VALIDATE_PRODUCT = YES;
			};
			name = Release;
		};
		F2BDA42D271E0D010073CCB2 /* Debug */ = {
			isa = XCBuildConfiguration;
			buildSettings = {
				ASSETCATALOG_COMPILER_APPICON_NAME = AppIcon;
				ASSETCATALOG_COMPILER_GLOBAL_ACCENT_COLOR_NAME = AccentColor;
				CODE_SIGN_STYLE = Automatic;
				DEVELOPMENT_TEAM = SCQ9H3W7RR;
				INFOPLIST_FILE = "Colored squares/Info.plist";
				LD_RUNPATH_SEARCH_PATHS = (
					"$(inherited)",
					"@executable_path/Frameworks",
				);
				PRODUCT_BUNDLE_IDENTIFIER = "com.nikita.Colored-squares";
				PRODUCT_NAME = "$(TARGET_NAME)";
				SWIFT_VERSION = 5.0;
				TARGETED_DEVICE_FAMILY = "1,2";
			};
			name = Debug;
		};
		F2BDA42E271E0D010073CCB2 /* Release */ = {
			isa = XCBuildConfiguration;
			buildSettings = {
				ASSETCATALOG_COMPILER_APPICON_NAME = AppIcon;
				ASSETCATALOG_COMPILER_GLOBAL_ACCENT_COLOR_NAME = AccentColor;
				CODE_SIGN_STYLE = Automatic;
				DEVELOPMENT_TEAM = SCQ9H3W7RR;
				INFOPLIST_FILE = "Colored squares/Info.plist";
				LD_RUNPATH_SEARCH_PATHS = (
					"$(inherited)",
					"@executable_path/Frameworks",
				);
				PRODUCT_BUNDLE_IDENTIFIER = "com.nikita.Colored-squares";
				PRODUCT_NAME = "$(TARGET_NAME)";
				SWIFT_VERSION = 5.0;
				TARGETED_DEVICE_FAMILY = "1,2";
			};
			name = Release;
		};
/* End XCBuildConfiguration section */

/* Begin XCConfigurationList section */
		F2BDA413271E0CFD0073CCB2 /* Build configuration list for PBXProject "Colored squares" */ = {
			isa = XCConfigurationList;
			buildConfigurations = (
				F2BDA42A271E0D010073CCB2 /* Debug */,
				F2BDA42B271E0D010073CCB2 /* Release */,
			);
			defaultConfigurationIsVisible = 0;
			defaultConfigurationName = Release;
		};
		F2BDA42C271E0D010073CCB2 /* Build configuration list for PBXNativeTarget "Colored squares" */ = {
			isa = XCConfigurationList;
			buildConfigurations = (
				F2BDA42D271E0D010073CCB2 /* Debug */,
				F2BDA42E271E0D010073CCB2 /* Release */,
			);
			defaultConfigurationIsVisible = 0;
			defaultConfigurationName = Release;
		};
/* End XCConfigurationList section */
	};
	rootObject = F2BDA410271E0CFD0073CCB2 /* Project object */;
}
